// !$*UTF8*$!
{
	archiveVersion = 1;
	classes = {
	};
	objectVersion = 55;
	objects = {

/* Begin PBXBuildFile section */
		C433E35E283CCBEA00441701 /* AppDelegate.swift in Sources */ = {isa = PBXBuildFile; fileRef = C433E35D283CCBEA00441701 /* AppDelegate.swift */; };
		C433E360283CCBEA00441701 /* SceneDelegate.swift in Sources */ = {isa = PBXBuildFile; fileRef = C433E35F283CCBEA00441701 /* SceneDelegate.swift */; };
		C433E362283CCBEA00441701 /* ViewController.swift in Sources */ = {isa = PBXBuildFile; fileRef = C433E361283CCBEA00441701 /* ViewController.swift */; };
		C433E365283CCBEA00441701 /* Main.storyboard in Resources */ = {isa = PBXBuildFile; fileRef = C433E363283CCBEA00441701 /* Main.storyboard */; };
		C433E367283CCBEB00441701 /* Assets.xcassets in Resources */ = {isa = PBXBuildFile; fileRef = C433E366283CCBEB00441701 /* Assets.xcassets */; };
		C433E36A283CCBEB00441701 /* LaunchScreen.storyboard in Resources */ = {isa = PBXBuildFile; fileRef = C433E368283CCBEB00441701 /* LaunchScreen.storyboard */; };
		C433E375283CCBEC00441701 /* MapBoxDemoTests.swift in Sources */ = {isa = PBXBuildFile; fileRef = C433E374283CCBEC00441701 /* MapBoxDemoTests.swift */; };
		C433E37F283CCBEC00441701 /* MapBoxDemoUITests.swift in Sources */ = {isa = PBXBuildFile; fileRef = C433E37E283CCBEC00441701 /* MapBoxDemoUITests.swift */; };
		C433E381283CCBEC00441701 /* MapBoxDemoUITestsLaunchTests.swift in Sources */ = {isa = PBXBuildFile; fileRef = C433E380283CCBEC00441701 /* MapBoxDemoUITestsLaunchTests.swift */; };
/* End PBXBuildFile section */

/* Begin PBXContainerItemProxy section */
		C433E371283CCBEC00441701 /* PBXContainerItemProxy */ = {
			isa = PBXContainerItemProxy;
			containerPortal = C433E352283CCBEA00441701 /* Project object */;
			proxyType = 1;
			remoteGlobalIDString = C433E359283CCBEA00441701;
			remoteInfo = MapBoxDemo;
		};
		C433E37B283CCBEC00441701 /* PBXContainerItemProxy */ = {
			isa = PBXContainerItemProxy;
			containerPortal = C433E352283CCBEA00441701 /* Project object */;
			proxyType = 1;
			remoteGlobalIDString = C433E359283CCBEA00441701;
			remoteInfo = MapBoxDemo;
		};
/* End PBXContainerItemProxy section */

/* Begin PBXFileReference section */
		C433E35A283CCBEA00441701 /* MapBoxDemo.app */ = {isa = PBXFileReference; explicitFileType = wrapper.application; includeInIndex = 0; path = MapBoxDemo.app; sourceTree = BUILT_PRODUCTS_DIR; };
		C433E35D283CCBEA00441701 /* AppDelegate.swift */ = {isa = PBXFileReference; lastKnownFileType = sourcecode.swift; path = AppDelegate.swift; sourceTree = "<group>"; };
		C433E35F283CCBEA00441701 /* SceneDelegate.swift */ = {isa = PBXFileReference; lastKnownFileType = sourcecode.swift; path = SceneDelegate.swift; sourceTree = "<group>"; };
		C433E361283CCBEA00441701 /* ViewController.swift */ = {isa = PBXFileReference; lastKnownFileType = sourcecode.swift; path = ViewController.swift; sourceTree = "<group>"; };
		C433E364283CCBEA00441701 /* Base */ = {isa = PBXFileReference; lastKnownFileType = file.storyboard; name = Base; path = Base.lproj/Main.storyboard; sourceTree = "<group>"; };
		C433E366283CCBEB00441701 /* Assets.xcassets */ = {isa = PBXFileReference; lastKnownFileType = folder.assetcatalog; path = Assets.xcassets; sourceTree = "<group>"; };
		C433E369283CCBEB00441701 /* Base */ = {isa = PBXFileReference; lastKnownFileType = file.storyboard; name = Base; path = Base.lproj/LaunchScreen.storyboard; sourceTree = "<group>"; };
		C433E36B283CCBEB00441701 /* Info.plist */ = {isa = PBXFileReference; lastKnownFileType = text.plist.xml; path = Info.plist; sourceTree = "<group>"; };
		C433E370283CCBEC00441701 /* MapBoxDemoTests.xctest */ = {isa = PBXFileReference; explicitFileType = wrapper.cfbundle; includeInIndex = 0; path = MapBoxDemoTests.xctest; sourceTree = BUILT_PRODUCTS_DIR; };
		C433E374283CCBEC00441701 /* MapBoxDemoTests.swift */ = {isa = PBXFileReference; lastKnownFileType = sourcecode.swift; path = MapBoxDemoTests.swift; sourceTree = "<group>"; };
		C433E37A283CCBEC00441701 /* MapBoxDemoUITests.xctest */ = {isa = PBXFileReference; explicitFileType = wrapper.cfbundle; includeInIndex = 0; path = MapBoxDemoUITests.xctest; sourceTree = BUILT_PRODUCTS_DIR; };
		C433E37E283CCBEC00441701 /* MapBoxDemoUITests.swift */ = {isa = PBXFileReference; lastKnownFileType = sourcecode.swift; path = MapBoxDemoUITests.swift; sourceTree = "<group>"; };
		C433E380283CCBEC00441701 /* MapBoxDemoUITestsLaunchTests.swift */ = {isa = PBXFileReference; lastKnownFileType = sourcecode.swift; path = MapBoxDemoUITestsLaunchTests.swift; sourceTree = "<group>"; };
/* End PBXFileReference section */

/* Begin PBXFrameworksBuildPhase section */
		C433E357283CCBEA00441701 /* Frameworks */ = {
			isa = PBXFrameworksBuildPhase;
			buildActionMask = 2147483647;
			files = (
			);
			runOnlyForDeploymentPostprocessing = 0;
		};
		C433E36D283CCBEC00441701 /* Frameworks */ = {
			isa = PBXFrameworksBuildPhase;
			buildActionMask = 2147483647;
			files = (
			);
			runOnlyForDeploymentPostprocessing = 0;
		};
		C433E377283CCBEC00441701 /* Frameworks */ = {
			isa = PBXFrameworksBuildPhase;
			buildActionMask = 2147483647;
			files = (
			);
			runOnlyForDeploymentPostprocessing = 0;
		};
/* End PBXFrameworksBuildPhase section */

/* Begin PBXGroup section */
		C433E351283CCBEA00441701 = {
			isa = PBXGroup;
			children = (
				C433E35C283CCBEA00441701 /* MapBoxDemo */,
				C433E373283CCBEC00441701 /* MapBoxDemoTests */,
				C433E37D283CCBEC00441701 /* MapBoxDemoUITests */,
				C433E35B283CCBEA00441701 /* Products */,
			);
			sourceTree = "<group>";
		};
		C433E35B283CCBEA00441701 /* Products */ = {
			isa = PBXGroup;
			children = (
				C433E35A283CCBEA00441701 /* MapBoxDemo.app */,
				C433E370283CCBEC00441701 /* MapBoxDemoTests.xctest */,
				C433E37A283CCBEC00441701 /* MapBoxDemoUITests.xctest */,
			);
			name = Products;
			sourceTree = "<group>";
		};
		C433E35C283CCBEA00441701 /* MapBoxDemo */ = {
			isa = PBXGroup;
			children = (
				C433E35D283CCBEA00441701 /* AppDelegate.swift */,
				C433E35F283CCBEA00441701 /* SceneDelegate.swift */,
				C433E361283CCBEA00441701 /* ViewController.swift */,
				C433E363283CCBEA00441701 /* Main.storyboard */,
				C433E366283CCBEB00441701 /* Assets.xcassets */,
				C433E368283CCBEB00441701 /* LaunchScreen.storyboard */,
				C433E36B283CCBEB00441701 /* Info.plist */,
			);
			path = MapBoxDemo;
			sourceTree = "<group>";
		};
		C433E373283CCBEC00441701 /* MapBoxDemoTests */ = {
			isa = PBXGroup;
			children = (
				C433E374283CCBEC00441701 /* MapBoxDemoTests.swift */,
			);
			path = MapBoxDemoTests;
			sourceTree = "<group>";
		};
		C433E37D283CCBEC00441701 /* MapBoxDemoUITests */ = {
			isa = PBXGroup;
			children = (
				C433E37E283CCBEC00441701 /* MapBoxDemoUITests.swift */,
				C433E380283CCBEC00441701 /* MapBoxDemoUITestsLaunchTests.swift */,
			);
			path = MapBoxDemoUITests;
			sourceTree = "<group>";
		};
/* End PBXGroup section */

/* Begin PBXNativeTarget section */
		C433E359283CCBEA00441701 /* MapBoxDemo */ = {
			isa = PBXNativeTarget;
			buildConfigurationList = C433E384283CCBEC00441701 /* Build configuration list for PBXNativeTarget "MapBoxDemo" */;
			buildPhases = (
				C433E356283CCBEA00441701 /* Sources */,
				C433E357283CCBEA00441701 /* Frameworks */,
				C433E358283CCBEA00441701 /* Resources */,
			);
			buildRules = (
			);
			dependencies = (
			);
			name = MapBoxDemo;
			productName = MapBoxDemo;
			productReference = C433E35A283CCBEA00441701 /* MapBoxDemo.app */;
			productType = "com.apple.product-type.application";
		};
		C433E36F283CCBEC00441701 /* MapBoxDemoTests */ = {
			isa = PBXNativeTarget;
			buildConfigurationList = C433E387283CCBEC00441701 /* Build configuration list for PBXNativeTarget "MapBoxDemoTests" */;
			buildPhases = (
				C433E36C283CCBEC00441701 /* Sources */,
				C433E36D283CCBEC00441701 /* Frameworks */,
				C433E36E283CCBEC00441701 /* Resources */,
			);
			buildRules = (
			);
			dependencies = (
				C433E372283CCBEC00441701 /* PBXTargetDependency */,
			);
			name = MapBoxDemoTests;
			productName = MapBoxDemoTests;
			productReference = C433E370283CCBEC00441701 /* MapBoxDemoTests.xctest */;
			productType = "com.apple.product-type.bundle.unit-test";
		};
		C433E379283CCBEC00441701 /* MapBoxDemoUITests */ = {
			isa = PBXNativeTarget;
			buildConfigurationList = C433E38A283CCBEC00441701 /* Build configuration list for PBXNativeTarget "MapBoxDemoUITests" */;
			buildPhases = (
				C433E376283CCBEC00441701 /* Sources */,
				C433E377283CCBEC00441701 /* Frameworks */,
				C433E378283CCBEC00441701 /* Resources */,
			);
			buildRules = (
			);
			dependencies = (
				C433E37C283CCBEC00441701 /* PBXTargetDependency */,
			);
			name = MapBoxDemoUITests;
			productName = MapBoxDemoUITests;
			productReference = C433E37A283CCBEC00441701 /* MapBoxDemoUITests.xctest */;
			productType = "com.apple.product-type.bundle.ui-testing";
		};
/* End PBXNativeTarget section */

/* Begin PBXProject section */
		C433E352283CCBEA00441701 /* Project object */ = {
			isa = PBXProject;
			attributes = {
				BuildIndependentTargetsInParallel = 1;
				LastSwiftUpdateCheck = 1320;
				LastUpgradeCheck = 1320;
				TargetAttributes = {
					C433E359283CCBEA00441701 = {
						CreatedOnToolsVersion = 13.2.1;
					};
					C433E36F283CCBEC00441701 = {
						CreatedOnToolsVersion = 13.2.1;
						TestTargetID = C433E359283CCBEA00441701;
					};
					C433E379283CCBEC00441701 = {
						CreatedOnToolsVersion = 13.2.1;
						TestTargetID = C433E359283CCBEA00441701;
					};
				};
			};
			buildConfigurationList = C433E355283CCBEA00441701 /* Build configuration list for PBXProject "MapBoxDemo" */;
			compatibilityVersion = "Xcode 13.0";
			developmentRegion = en;
			hasScannedForEncodings = 0;
			knownRegions = (
				en,
				Base,
			);
			mainGroup = C433E351283CCBEA00441701;
			productRefGroup = C433E35B283CCBEA00441701 /* Products */;
			projectDirPath = "";
			projectRoot = "";
			targets = (
				C433E359283CCBEA00441701 /* MapBoxDemo */,
				C433E36F283CCBEC00441701 /* MapBoxDemoTests */,
				C433E379283CCBEC00441701 /* MapBoxDemoUITests */,
			);
		};
/* End PBXProject section */

/* Begin PBXResourcesBuildPhase section */
		C433E358283CCBEA00441701 /* Resources */ = {
			isa = PBXResourcesBuildPhase;
			buildActionMask = 2147483647;
			files = (
				C433E36A283CCBEB00441701 /* LaunchScreen.storyboard in Resources */,
				C433E367283CCBEB00441701 /* Assets.xcassets in Resources */,
				C433E365283CCBEA00441701 /* Main.storyboard in Resources */,
			);
			runOnlyForDeploymentPostprocessing = 0;
		};
		C433E36E283CCBEC00441701 /* Resources */ = {
			isa = PBXResourcesBuildPhase;
			buildActionMask = 2147483647;
			files = (
			);
			runOnlyForDeploymentPostprocessing = 0;
		};
		C433E378283CCBEC00441701 /* Resources */ = {
			isa = PBXResourcesBuildPhase;
			buildActionMask = 2147483647;
			files = (
			);
			runOnlyForDeploymentPostprocessing = 0;
		};
/* End PBXResourcesBuildPhase section */

/* Begin PBXSourcesBuildPhase section */
		C433E356283CCBEA00441701 /* Sources */ = {
			isa = PBXSourcesBuildPhase;
			buildActionMask = 2147483647;
			files = (
				C433E362283CCBEA00441701 /* ViewController.swift in Sources */,
				C433E35E283CCBEA00441701 /* AppDelegate.swift in Sources */,
				C433E360283CCBEA00441701 /* SceneDelegate.swift in Sources */,
			);
			runOnlyForDeploymentPostprocessing = 0;
		};
		C433E36C283CCBEC00441701 /* Sources */ = {
			isa = PBXSourcesBuildPhase;
			buildActionMask = 2147483647;
			files = (
				C433E375283CCBEC00441701 /* MapBoxDemoTests.swift in Sources */,
			);
			runOnlyForDeploymentPostprocessing = 0;
		};
		C433E376283CCBEC00441701 /* Sources */ = {
			isa = PBXSourcesBuildPhase;
			buildActionMask = 2147483647;
			files = (
				C433E381283CCBEC00441701 /* MapBoxDemoUITestsLaunchTests.swift in Sources */,
				C433E37F283CCBEC00441701 /* MapBoxDemoUITests.swift in Sources */,
			);
			runOnlyForDeploymentPostprocessing = 0;
		};
/* End PBXSourcesBuildPhase section */

/* Begin PBXTargetDependency section */
		C433E372283CCBEC00441701 /* PBXTargetDependency */ = {
			isa = PBXTargetDependency;
			target = C433E359283CCBEA00441701 /* MapBoxDemo */;
			targetProxy = C433E371283CCBEC00441701 /* PBXContainerItemProxy */;
		};
		C433E37C283CCBEC00441701 /* PBXTargetDependency */ = {
			isa = PBXTargetDependency;
			target = C433E359283CCBEA00441701 /* MapBoxDemo */;
			targetProxy = C433E37B283CCBEC00441701 /* PBXContainerItemProxy */;
		};
/* End PBXTargetDependency section */

/* Begin PBXVariantGroup section */
		C433E363283CCBEA00441701 /* Main.storyboard */ = {
			isa = PBXVariantGroup;
			children = (
				C433E364283CCBEA00441701 /* Base */,
			);
			name = Main.storyboard;
			sourceTree = "<group>";
		};
		C433E368283CCBEB00441701 /* LaunchScreen.storyboard */ = {
			isa = PBXVariantGroup;
			children = (
				C433E369283CCBEB00441701 /* Base */,
			);
			name = LaunchScreen.storyboard;
			sourceTree = "<group>";
		};
/* End PBXVariantGroup section */

/* Begin XCBuildConfiguration section */
		C433E382283CCBEC00441701 /* Debug */ = {
			isa = XCBuildConfiguration;
			buildSettings = {
				ALWAYS_SEARCH_USER_PATHS = NO;
				CLANG_ANALYZER_NONNULL = YES;
				CLANG_ANALYZER_NUMBER_OBJECT_CONVERSION = YES_AGGRESSIVE;
				CLANG_CXX_LANGUAGE_STANDARD = "gnu++17";
				CLANG_CXX_LIBRARY = "libc++";
				CLANG_ENABLE_MODULES = YES;
				CLANG_ENABLE_OBJC_ARC = YES;
				CLANG_ENABLE_OBJC_WEAK = YES;
				CLANG_WARN_BLOCK_CAPTURE_AUTORELEASING = YES;
				CLANG_WARN_BOOL_CONVERSION = YES;
				CLANG_WARN_COMMA = YES;
				CLANG_WARN_CONSTANT_CONVERSION = YES;
				CLANG_WARN_DEPRECATED_OBJC_IMPLEMENTATIONS = YES;
				CLANG_WARN_DIRECT_OBJC_ISA_USAGE = YES_ERROR;
				CLANG_WARN_DOCUMENTATION_COMMENTS = YES;
				CLANG_WARN_EMPTY_BODY = YES;
				CLANG_WARN_ENUM_CONVERSION = YES;
				CLANG_WARN_INFINITE_RECURSION = YES;
				CLANG_WARN_INT_CONVERSION = YES;
				CLANG_WARN_NON_LITERAL_NULL_CONVERSION = YES;
				CLANG_WARN_OBJC_IMPLICIT_RETAIN_SELF = YES;
				CLANG_WARN_OBJC_LITERAL_CONVERSION = YES;
				CLANG_WARN_OBJC_ROOT_CLASS = YES_ERROR;
				CLANG_WARN_QUOTED_INCLUDE_IN_FRAMEWORK_HEADER = YES;
				CLANG_WARN_RANGE_LOOP_ANALYSIS = YES;
				CLANG_WARN_STRICT_PROTOTYPES = YES;
				CLANG_WARN_SUSPICIOUS_MOVE = YES;
				CLANG_WARN_UNGUARDED_AVAILABILITY = YES_AGGRESSIVE;
				CLANG_WARN_UNREACHABLE_CODE = YES;
				CLANG_WARN__DUPLICATE_METHOD_MATCH = YES;
				COPY_PHASE_STRIP = NO;
				DEBUG_INFORMATION_FORMAT = dwarf;
				ENABLE_STRICT_OBJC_MSGSEND = YES;
				ENABLE_TESTABILITY = YES;
				GCC_C_LANGUAGE_STANDARD = gnu11;
				GCC_DYNAMIC_NO_PIC = NO;
				GCC_NO_COMMON_BLOCKS = YES;
				GCC_OPTIMIZATION_LEVEL = 0;
				GCC_PREPROCESSOR_DEFINITIONS = (
					"DEBUG=1",
					"$(inherited)",
				);
				GCC_WARN_64_TO_32_BIT_CONVERSION = YES;
				GCC_WARN_ABOUT_RETURN_TYPE = YES_ERROR;
				GCC_WARN_UNDECLARED_SELECTOR = YES;
				GCC_WARN_UNINITIALIZED_AUTOS = YES_AGGRESSIVE;
				GCC_WARN_UNUSED_FUNCTION = YES;
				GCC_WARN_UNUSED_VARIABLE = YES;
				IPHONEOS_DEPLOYMENT_TARGET = 15.2;
				MTL_ENABLE_DEBUG_INFO = INCLUDE_SOURCE;
				MTL_FAST_MATH = YES;
				ONLY_ACTIVE_ARCH = YES;
				SDKROOT = iphoneos;
				SWIFT_ACTIVE_COMPILATION_CONDITIONS = DEBUG;
				SWIFT_OPTIMIZATION_LEVEL = "-Onone";
			};
			name = Debug;
		};
		C433E383283CCBEC00441701 /* Release */ = {
			isa = XCBuildConfiguration;
			buildSettings = {
				ALWAYS_SEARCH_USER_PATHS = NO;
				CLANG_ANALYZER_NONNULL = YES;
				CLANG_ANALYZER_NUMBER_OBJECT_CONVERSION = YES_AGGRESSIVE;
				CLANG_CXX_LANGUAGE_STANDARD = "gnu++17";
				CLANG_CXX_LIBRARY = "libc++";
				CLANG_ENABLE_MODULES = YES;
				CLANG_ENABLE_OBJC_ARC = YES;
				CLANG_ENABLE_OBJC_WEAK = YES;
				CLANG_WARN_BLOCK_CAPTURE_AUTORELEASING = YES;
				CLANG_WARN_BOOL_CONVERSION = YES;
				CLANG_WARN_COMMA = YES;
				CLANG_WARN_CONSTANT_CONVERSION = YES;
				CLANG_WARN_DEPRECATED_OBJC_IMPLEMENTATIONS = YES;
				CLANG_WARN_DIRECT_OBJC_ISA_USAGE = YES_ERROR;
				CLANG_WARN_DOCUMENTATION_COMMENTS = YES;
				CLANG_WARN_EMPTY_BODY = YES;
				CLANG_WARN_ENUM_CONVERSION = YES;
				CLANG_WARN_INFINITE_RECURSION = YES;
				CLANG_WARN_INT_CONVERSION = YES;
				CLANG_WARN_NON_LITERAL_NULL_CONVERSION = YES;
				CLANG_WARN_OBJC_IMPLICIT_RETAIN_SELF = YES;
				CLANG_WARN_OBJC_LITERAL_CONVERSION = YES;
				CLANG_WARN_OBJC_ROOT_CLASS = YES_ERROR;
				CLANG_WARN_QUOTED_INCLUDE_IN_FRAMEWORK_HEADER = YES;
				CLANG_WARN_RANGE_LOOP_ANALYSIS = YES;
				CLANG_WARN_STRICT_PROTOTYPES = YES;
				CLANG_WARN_SUSPICIOUS_MOVE = YES;
				CLANG_WARN_UNGUARDED_AVAILABILITY = YES_AGGRESSIVE;
				CLANG_WARN_UNREACHABLE_CODE = YES;
				CLANG_WARN__DUPLICATE_METHOD_MATCH = YES;
				COPY_PHASE_STRIP = NO;
				DEBUG_INFORMATION_FORMAT = "dwarf-with-dsym";
				ENABLE_NS_ASSERTIONS = NO;
				ENABLE_STRICT_OBJC_MSGSEND = YES;
				GCC_C_LANGUAGE_STANDARD = gnu11;
				GCC_NO_COMMON_BLOCKS = YES;
				GCC_WARN_64_TO_32_BIT_CONVERSION = YES;
				GCC_WARN_ABOUT_RETURN_TYPE = YES_ERROR;
				GCC_WARN_UNDECLARED_SELECTOR = YES;
				GCC_WARN_UNINITIALIZED_AUTOS = YES_AGGRESSIVE;
				GCC_WARN_UNUSED_FUNCTION = YES;
				GCC_WARN_UNUSED_VARIABLE = YES;
				IPHONEOS_DEPLOYMENT_TARGET = 15.2;
				MTL_ENABLE_DEBUG_INFO = NO;
				MTL_FAST_MATH = YES;
				SDKROOT = iphoneos;
				SWIFT_COMPILATION_MODE = wholemodule;
				SWIFT_OPTIMIZATION_LEVEL = "-O";
				VALIDATE_PRODUCT = YES;
			};
			name = Release;
		};
		C433E385283CCBEC00441701 /* Debug */ = {
			isa = XCBuildConfiguration;
			buildSettings = {
				ASSETCATALOG_COMPILER_APPICON_NAME = AppIcon;
				ASSETCATALOG_COMPILER_GLOBAL_ACCENT_COLOR_NAME = AccentColor;
				CODE_SIGN_STYLE = Automatic;
				CURRENT_PROJECT_VERSION = 1;
				DEVELOPMENT_TEAM = 7KN74ZHQJ3;
				GENERATE_INFOPLIST_FILE = YES;
				INFOPLIST_FILE = MapBoxDemo/Info.plist;
				INFOPLIST_KEY_UIApplicationSupportsIndirectInputEvents = YES;
				INFOPLIST_KEY_UILaunchStoryboardName = LaunchScreen;
				INFOPLIST_KEY_UIMainStoryboardFile = Main;
				INFOPLIST_KEY_UISupportedInterfaceOrientations_iPad = "UIInterfaceOrientationPortrait UIInterfaceOrientationPortraitUpsideDown UIInterfaceOrientationLandscapeLeft UIInterfaceOrientationLandscapeRight";
				INFOPLIST_KEY_UISupportedInterfaceOrientations_iPhone = "UIInterfaceOrientationPortrait UIInterfaceOrientationLandscapeLeft UIInterfaceOrientationLandscapeRight";
				LD_RUNPATH_SEARCH_PATHS = (
					"$(inherited)",
					"@executable_path/Frameworks",
				);
				MARKETING_VERSION = 1.0;
				PRODUCT_BUNDLE_IDENTIFIER = com.pnam.MapBoxDemo;
				PRODUCT_NAME = "$(TARGET_NAME)";
				SWIFT_EMIT_LOC_STRINGS = YES;
				SWIFT_VERSION = 5.0;
				TARGETED_DEVICE_FAMILY = "1,2";
			};
			name = Debug;
		};
		C433E386283CCBEC00441701 /* Release */ = {
			isa = XCBuildConfiguration;
			buildSettings = {
				ASSETCATALOG_COMPILER_APPICON_NAME = AppIcon;
				ASSETCATALOG_COMPILER_GLOBAL_ACCENT_COLOR_NAME = AccentColor;
				CODE_SIGN_STYLE = Automatic;
				CURRENT_PROJECT_VERSION = 1;
				DEVELOPMENT_TEAM = 7KN74ZHQJ3;
				GENERATE_INFOPLIST_FILE = YES;
				INFOPLIST_FILE = MapBoxDemo/Info.plist;
				INFOPLIST_KEY_UIApplicationSupportsIndirectInputEvents = YES;
				INFOPLIST_KEY_UILaunchStoryboardName = LaunchScreen;
				INFOPLIST_KEY_UIMainStoryboardFile = Main;
				INFOPLIST_KEY_UISupportedInterfaceOrientations_iPad = "UIInterfaceOrientationPortrait UIInterfaceOrientationPortraitUpsideDown UIInterfaceOrientationLandscapeLeft UIInterfaceOrientationLandscapeRight";
				INFOPLIST_KEY_UISupportedInterfaceOrientations_iPhone = "UIInterfaceOrientationPortrait UIInterfaceOrientationLandscapeLeft UIInterfaceOrientationLandscapeRight";
				LD_RUNPATH_SEARCH_PATHS = (
					"$(inherited)",
					"@executable_path/Frameworks",
				);
				MARKETING_VERSION = 1.0;
				PRODUCT_BUNDLE_IDENTIFIER = com.pnam.MapBoxDemo;
				PRODUCT_NAME = "$(TARGET_NAME)";
				SWIFT_EMIT_LOC_STRINGS = YES;
				SWIFT_VERSION = 5.0;
				TARGETED_DEVICE_FAMILY = "1,2";
			};
			name = Release;
		};
		C433E388283CCBEC00441701 /* Debug */ = {
			isa = XCBuildConfiguration;
			buildSettings = {
				ALWAYS_EMBED_SWIFT_STANDARD_LIBRARIES = YES;
				BUNDLE_LOADER = "$(TEST_HOST)";
				CODE_SIGN_STYLE = Automatic;
				CURRENT_PROJECT_VERSION = 1;
				DEVELOPMENT_TEAM = 7KN74ZHQJ3;
				GENERATE_INFOPLIST_FILE = YES;
				IPHONEOS_DEPLOYMENT_TARGET = 15.2;
				MARKETING_VERSION = 1.0;
				PRODUCT_BUNDLE_IDENTIFIER = com.pnam.MapBoxDemoTests;
				PRODUCT_NAME = "$(TARGET_NAME)";
				SWIFT_EMIT_LOC_STRINGS = NO;
				SWIFT_VERSION = 5.0;
				TARGETED_DEVICE_FAMILY = "1,2";
				TEST_HOST = "$(BUILT_PRODUCTS_DIR)/MapBoxDemo.app/MapBoxDemo";
			};
			name = Debug;
		};
		C433E389283CCBEC00441701 /* Release */ = {
			isa = XCBuildConfiguration;
			buildSettings = {
				ALWAYS_EMBED_SWIFT_STANDARD_LIBRARIES = YES;
				BUNDLE_LOADER = "$(TEST_HOST)";
				CODE_SIGN_STYLE = Automatic;
				CURRENT_PROJECT_VERSION = 1;
				DEVELOPMENT_TEAM = 7KN74ZHQJ3;
				GENERATE_INFOPLIST_FILE = YES;
				IPHONEOS_DEPLOYMENT_TARGET = 15.2;
				MARKETING_VERSION = 1.0;
				PRODUCT_BUNDLE_IDENTIFIER = com.pnam.MapBoxDemoTests;
				PRODUCT_NAME = "$(TARGET_NAME)";
				SWIFT_EMIT_LOC_STRINGS = NO;
				SWIFT_VERSION = 5.0;
				TARGETED_DEVICE_FAMILY = "1,2";
				TEST_HOST = "$(BUILT_PRODUCTS_DIR)/MapBoxDemo.app/MapBoxDemo";
			};
			name = Release;
		};
		C433E38B283CCBEC00441701 /* Debug */ = {
			isa = XCBuildConfiguration;
			buildSettings = {
				ALWAYS_EMBED_SWIFT_STANDARD_LIBRARIES = YES;
				CODE_SIGN_STYLE = Automatic;
				CURRENT_PROJECT_VERSION = 1;
				DEVELOPMENT_TEAM = 7KN74ZHQJ3;
				GENERATE_INFOPLIST_FILE = YES;
				MARKETING_VERSION = 1.0;
				PRODUCT_BUNDLE_IDENTIFIER = com.pnam.MapBoxDemoUITests;
				PRODUCT_NAME = "$(TARGET_NAME)";
				SWIFT_EMIT_LOC_STRINGS = NO;
				SWIFT_VERSION = 5.0;
				TARGETED_DEVICE_FAMILY = "1,2";
				TEST_TARGET_NAME = MapBoxDemo;
			};
			name = Debug;
		};
		C433E38C283CCBEC00441701 /* Release */ = {
			isa = XCBuildConfiguration;
			buildSettings = {
				ALWAYS_EMBED_SWIFT_STANDARD_LIBRARIES = YES;
				CODE_SIGN_STYLE = Automatic;
				CURRENT_PROJECT_VERSION = 1;
				DEVELOPMENT_TEAM = 7KN74ZHQJ3;
				GENERATE_INFOPLIST_FILE = YES;
				MARKETING_VERSION = 1.0;
				PRODUCT_BUNDLE_IDENTIFIER = com.pnam.MapBoxDemoUITests;
				PRODUCT_NAME = "$(TARGET_NAME)";
				SWIFT_EMIT_LOC_STRINGS = NO;
				SWIFT_VERSION = 5.0;
				TARGETED_DEVICE_FAMILY = "1,2";
				TEST_TARGET_NAME = MapBoxDemo;
			};
			name = Release;
		};
/* End XCBuildConfiguration section */

/* Begin XCConfigurationList section */
		C433E355283CCBEA00441701 /* Build configuration list for PBXProject "MapBoxDemo" */ = {
			isa = XCConfigurationList;
			buildConfigurations = (
				C433E382283CCBEC00441701 /* Debug */,
				C433E383283CCBEC00441701 /* Release */,
			);
			defaultConfigurationIsVisible = 0;
			defaultConfigurationName = Release;
		};
		C433E384283CCBEC00441701 /* Build configuration list for PBXNativeTarget "MapBoxDemo" */ = {
			isa = XCConfigurationList;
			buildConfigurations = (
				C433E385283CCBEC00441701 /* Debug */,
				C433E386283CCBEC00441701 /* Release */,
			);
			defaultConfigurationIsVisible = 0;
			defaultConfigurationName = Release;
		};
		C433E387283CCBEC00441701 /* Build configuration list for PBXNativeTarget "MapBoxDemoTests" */ = {
			isa = XCConfigurationList;
			buildConfigurations = (
				C433E388283CCBEC00441701 /* Debug */,
				C433E389283CCBEC00441701 /* Release */,
			);
			defaultConfigurationIsVisible = 0;
			defaultConfigurationName = Release;
		};
		C433E38A283CCBEC00441701 /* Build configuration list for PBXNativeTarget "MapBoxDemoUITests" */ = {
			isa = XCConfigurationList;
			buildConfigurations = (
				C433E38B283CCBEC00441701 /* Debug */,
				C433E38C283CCBEC00441701 /* Release */,
			);
			defaultConfigurationIsVisible = 0;
			defaultConfigurationName = Release;
		};
/* End XCConfigurationList section */
	};
	rootObject = C433E352283CCBEA00441701 /* Project object */;
}
